
Microsoft Visual Studio Solution File, Format Version 12.00
# Visual Studio 14
VisualStudioVersion = 14.0.25420.1
MinimumVisualStudioVersion = 10.0.40219.1
Project("{FAE04EC0-301F-11D3-BF4B-00C04F79EFBC}") = "TrendyolCase", "TrendyolCase\TrendyolCase.csproj", "{037B5540-265B-4BEC-8569-D372614BD481}"
EndProject
Project("{FAE04EC0-301F-11D3-BF4B-00C04F79EFBC}") = "TrendyolCaseUnitTest", "TrendyolCaseUnitTest\TrendyolCaseUnitTest.csproj", "{0CA4E667-559B-4E2E-BA67-824E2D1EE97B}"
EndProject
Project("{FAE04EC0-301F-11D3-BF4B-00C04F79EFBC}") = "TrendyolCase.Business", "TrendyolCase.Business\TrendyolCase.Business.csproj", "{3375F5DC-1CBC-4717-A2B7-4A5F5D91CB69}"
EndProject
Global
	GlobalSection(SolutionConfigurationPlatforms) = preSolution
		Debug|Any CPU = Debug|Any CPU
		Release|Any CPU = Release|Any CPU
	EndGlobalSection
	GlobalSection(ProjectConfigurationPlatforms) = postSolution
		{037B5540-265B-4BEC-8569-D372614BD481}.Debug|Any CPU.ActiveCfg = Debug|Any CPU
		{037B5540-265B-4BEC-8569-D372614BD481}.Debug|Any CPU.Build.0 = Debug|Any CPU
		{037B5540-265B-4BEC-8569-D372614BD481}.Release|Any CPU.ActiveCfg = Release|Any CPU
		{037B5540-265B-4BEC-8569-D372614BD481}.Release|Any CPU.Build.0 = Release|Any CPU
		{0CA4E667-559B-4E2E-BA67-824E2D1EE97B}.Debug|Any CPU.ActiveCfg = Debug|Any CPU
		{0CA4E667-559B-4E2E-BA67-824E2D1EE97B}.Debug|Any CPU.Build.0 = Debug|Any CPU
		{0CA4E667-559B-4E2E-BA67-824E2D1EE97B}.Release|Any CPU.ActiveCfg = Release|Any CPU
		{0CA4E667-559B-4E2E-BA67-824E2D1EE97B}.Release|Any CPU.Build.0 = Release|Any CPU
		{3375F5DC-1CBC-4717-A2B7-4A5F5D91CB69}.Debug|Any CPU.ActiveCfg = Debug|Any CPU
		{3375F5DC-1CBC-4717-A2B7-4A5F5D91CB69}.Debug|Any CPU.Build.0 = Debug|Any CPU
		{3375F5DC-1CBC-4717-A2B7-4A5F5D91CB69}.Release|Any CPU.ActiveCfg = Release|Any CPU
		{3375F5DC-1CBC-4717-A2B7-4A5F5D91CB69}.Release|Any CPU.Build.0 = Release|Any CPU
	EndGlobalSection
	GlobalSection(SolutionProperties) = preSolution
		HideSolutionNode = FALSE
	EndGlobalSection
EndGlobal
